{
  "version": 4,
  "terraform_version": "0.13.1",
  "serial": 222,
  "lineage": "c53f09a4-05b3-4efd-f24b-5378d66d1f45",
  "outputs": {},
  "resources": [
    {
      "mode": "managed",
      "type": "aws_instance",
      "name": "server1",
      "provider": "provider[\"registry.terraform.io/hashicorp/aws\"]",
      "instances": [
        {
          "schema_version": 1,
          "attributes": {
            "ami": "ami-09970a9e1abdaad00",
            "arn": "arn:aws:ec2:us-east-1:258372532888:instance/i-01aed72dd6322453e",
            "associate_public_ip_address": true,
            "availability_zone": "us-east-1a",
            "capacity_reservation_specification": [
              {
                "capacity_reservation_preference": "open",
                "capacity_reservation_target": []
              }
            ],
            "cpu_core_count": 1,
            "cpu_threads_per_core": 1,
            "credit_specification": [
              {
                "cpu_credits": "standard"
              }
            ],
            "disable_api_termination": false,
            "ebs_block_device": [],
            "ebs_optimized": false,
            "enclave_options": [
              {
                "enabled": false
              }
            ],
            "ephemeral_block_device": [],
            "get_password_data": false,
            "hibernation": false,
            "host_id": null,
            "iam_instance_profile": "cw-metrics",
            "id": "i-01aed72dd6322453e",
            "instance_initiated_shutdown_behavior": "stop",
            "instance_state": "running",
            "instance_type": "t2.micro",
            "ipv6_address_count": 0,
            "ipv6_addresses": [],
            "key_name": "keytf1",
            "launch_template": [],
            "metadata_options": [
              {
                "http_endpoint": "enabled",
                "http_put_response_hop_limit": 1,
                "http_tokens": "optional"
              }
            ],
            "monitoring": false,
            "network_interface": [],
            "outpost_arn": "",
            "password_data": "",
            "placement_group": "",
            "placement_partition_number": null,
            "primary_network_interface_id": "eni-0c170f0281b256911",
            "private_dns": "ip-10-0-10-50.ec2.internal",
            "private_ip": "10.0.10.50",
            "public_dns": "",
            "public_ip": "54.92.219.82",
            "root_block_device": [
              {
                "delete_on_termination": true,
                "device_name": "/dev/xvda",
                "encrypted": false,
                "iops": 100,
                "kms_key_id": "",
                "tags": {},
                "throughput": 0,
                "volume_id": "vol-028e40df8f7b3d2de",
                "volume_size": 8,
                "volume_type": "gp2"
              }
            ],
            "secondary_private_ips": [],
            "security_groups": [],
            "source_dest_check": true,
            "subnet_id": "subnet-053b8958130d3fdcf",
            "tags": {
              "Env": "testing",
              "Name": "TFcourse"
            },
            "tags_all": {
              "Env": "testing",
              "Name": "TFcourse"
            },
            "tenancy": "default",
            "timeouts": null,
            "user_data": "d0c3681e27c0b000e84e6a640a2629e546fda77c",
            "user_data_base64": null,
            "volume_tags": null,
            "vpc_security_group_ids": [
              "sg-04642ef7ac29b9292"
            ]
          },
          "private": "eyJlMmJmYjczMC1lY2FhLTExZTYtOGY4OC0zNDM2M2JjN2M0YzAiOnsiY3JlYXRlIjo2MDAwMDAwMDAwMDAsImRlbGV0ZSI6MTIwMDAwMDAwMDAwMCwidXBkYXRlIjo2MDAwMDAwMDAwMDB9LCJzY2hlbWFfdmVyc2lvbiI6IjEifQ==",
          "dependencies": [
            "aws_security_group.tf",
            "aws_subnet.subnettf"
          ]
        }
      ]
    },
    {
      "mode": "managed",
      "type": "aws_internet_gateway",
      "name": "igw-tf",
      "provider": "provider[\"registry.terraform.io/hashicorp/aws\"]",
      "instances": [
        {
          "schema_version": 0,
          "attributes": {
            "arn": "arn:aws:ec2:us-east-1:258372532888:internet-gateway/igw-03ca65797afb16400",
            "id": "igw-03ca65797afb16400",
            "owner_id": "258372532888",
            "tags": {
              "Name": "igw-tf"
            },
            "tags_all": {
              "Name": "igw-tf"
            },
            "vpc_id": "vpc-04bcdd779ac3b2352"
          },
          "private": "bnVsbA==",
          "dependencies": [
            "aws_vpc.vpc-tf"
          ]
        }
      ]
    },
    {
      "mode": "managed",
      "type": "aws_key_pair",
      "name": "Keytf2",
      "provider": "provider[\"registry.terraform.io/hashicorp/aws\"]",
      "instances": [
        {
          "schema_version": 1,
          "attributes": {
            "arn": "arn:aws:ec2:us-east-1:258372532888:key-pair/keytf2",
            "fingerprint": "d4:0d:50:b1:e7:2e:96:4e:f2:42:61:9c:0c:68:ef:c1",
            "id": "keytf2",
            "key_name": "keytf2",
            "key_name_prefix": null,
            "key_pair_id": "key-025e9802501772c7e",
            "public_key": "ssh-rsa AAAAB3NzaC1yc2EAAAADAQABAAABAQDMqwidI/OXtRnN7G+RlXUuYd2z2rNYqru0agduTUDP+iAG9VS4+c2/E57iDv2qS7dq2NV9HDQ2YwAD8nZegVtO3v7uCClQG/u2ZvRhmWd7Onvf6ol0czS41PvG7iQtFkdVZWKObnvZTf2TFlwWekdwj37z9CLFJnInQEW9pRi1ep5Qse2aXgZieYSMlQxCgIpoMhgzf5EYq61i6kfp+m7GnLzdyI+ZLTBpm0KflmkPHFBSV+Gl0yuNIONYGMQpptgkW6tu4sE7IgjnXndPiAV+XfR4TNy5ZoRW1BkfKe67Gj2d4pmPCujKFVgawTRabXQPHvt1aKFuPTbRi8bTFiZV",
            "tags": {},
            "tags_all": {}
          },
          "private": "eyJzY2hlbWFfdmVyc2lvbiI6IjEifQ=="
        }
      ]
    },
    {
      "mode": "managed",
      "type": "aws_key_pair",
      "name": "keytf1",
      "provider": "provider[\"registry.terraform.io/hashicorp/aws\"]",
      "instances": [
        {
          "schema_version": 1,
          "attributes": {
            "arn": "arn:aws:ec2:us-east-1:258372532888:key-pair/keytf1",
            "fingerprint": "d4:0d:50:b1:e7:2e:96:4e:f2:42:61:9c:0c:68:ef:c1",
            "id": "keytf1",
            "key_name": "keytf1",
            "key_name_prefix": null,
            "key_pair_id": "key-0700ed2d83dd43ac1",
            "public_key": "ssh-rsa AAAAB3NzaC1yc2EAAAADAQABAAABAQDMqwidI/OXtRnN7G+RlXUuYd2z2rNYqru0agduTUDP+iAG9VS4+c2/E57iDv2qS7dq2NV9HDQ2YwAD8nZegVtO3v7uCClQG/u2ZvRhmWd7Onvf6ol0czS41PvG7iQtFkdVZWKObnvZTf2TFlwWekdwj37z9CLFJnInQEW9pRi1ep5Qse2aXgZieYSMlQxCgIpoMhgzf5EYq61i6kfp+m7GnLzdyI+ZLTBpm0KflmkPHFBSV+Gl0yuNIONYGMQpptgkW6tu4sE7IgjnXndPiAV+XfR4TNy5ZoRW1BkfKe67Gj2d4pmPCujKFVgawTRabXQPHvt1aKFuPTbRi8bTFiZV",
            "tags": {},
            "tags_all": {}
          },
          "private": "eyJzY2hlbWFfdmVyc2lvbiI6IjEifQ=="
        }
      ]
    },
    {
      "mode": "managed",
      "type": "aws_route_table",
      "name": "rtb-tf",
      "provider": "provider[\"registry.terraform.io/hashicorp/aws\"]",
      "instances": [
        {
          "schema_version": 0,
          "attributes": {
            "arn": "arn:aws:ec2:us-east-1:258372532888:route-table/rtb-0335dc7fd2965ec61",
            "id": "rtb-0335dc7fd2965ec61",
            "owner_id": "258372532888",
            "propagating_vgws": [],
            "route": [
              {
                "carrier_gateway_id": "",
                "cidr_block": "0.0.0.0/0",
                "destination_prefix_list_id": "",
                "egress_only_gateway_id": "",
                "gateway_id": "igw-03ca65797afb16400",
                "instance_id": "",
                "ipv6_cidr_block": "",
                "local_gateway_id": "",
                "nat_gateway_id": "",
                "network_interface_id": "",
                "transit_gateway_id": "",
                "vpc_endpoint_id": "",
                "vpc_peering_connection_id": ""
              }
            ],
            "tags": {},
            "tags_all": {},
            "timeouts": null,
            "vpc_id": "vpc-04bcdd779ac3b2352"
          },
          "private": "eyJlMmJmYjczMC1lY2FhLTExZTYtOGY4OC0zNDM2M2JjN2M0YzAiOnsiY3JlYXRlIjoxMjAwMDAwMDAwMDAsImRlbGV0ZSI6MzAwMDAwMDAwMDAwLCJ1cGRhdGUiOjEyMDAwMDAwMDAwMH19",
          "dependencies": [
            "aws_internet_gateway.igw-tf",
            "aws_vpc.vpc-tf"
          ]
        }
      ]
    },
    {
      "mode": "managed",
      "type": "aws_route_table_association",
      "name": "rta-tf",
      "provider": "provider[\"registry.terraform.io/hashicorp/aws\"]",
      "instances": [
        {
          "schema_version": 0,
          "attributes": {
            "gateway_id": "",
            "id": "rtbassoc-069db94fb4b550896",
            "route_table_id": "rtb-0335dc7fd2965ec61",
            "subnet_id": "subnet-053b8958130d3fdcf"
          },
          "private": "bnVsbA==",
          "dependencies": [
            "aws_internet_gateway.igw-tf",
            "aws_route_table.rtb-tf",
            "aws_subnet.subnettf",
            "aws_vpc.vpc-tf"
          ]
        }
      ]
    },
    {
      "mode": "managed",
      "type": "aws_route_table_association",
      "name": "rta2-tf",
      "provider": "provider[\"registry.terraform.io/hashicorp/aws\"]",
      "instances": [
        {
          "schema_version": 0,
          "attributes": {
            "gateway_id": "",
            "id": "rtbassoc-0d7b0903904b54291",
            "route_table_id": "rtb-0335dc7fd2965ec61",
            "subnet_id": "subnet-02c4e26e73b31812e"
          },
          "private": "bnVsbA==",
          "dependencies": [
            "aws_internet_gateway.igw-tf",
            "aws_route_table.rtb-tf",
            "aws_subnet.subnet2tf",
            "aws_vpc.vpc-tf"
          ]
        }
      ]
    },
    {
      "mode": "managed",
      "type": "aws_route_table_association",
      "name": "rta3-tf",
      "provider": "provider[\"registry.terraform.io/hashicorp/aws\"]",
      "instances": [
        {
          "schema_version": 0,
          "attributes": {
            "gateway_id": "",
            "id": "rtbassoc-0fd3a0035870f6c1c",
            "route_table_id": "rtb-0335dc7fd2965ec61",
            "subnet_id": "subnet-016e189de4ce39b1a"
          },
          "private": "bnVsbA==",
          "dependencies": [
            "aws_internet_gateway.igw-tf",
            "aws_route_table.rtb-tf",
            "aws_subnet.subnet3tf",
            "aws_vpc.vpc-tf"
          ]
        }
      ]
    },
    {
      "mode": "managed",
      "type": "aws_security_group",
      "name": "tf",
      "provider": "provider[\"registry.terraform.io/hashicorp/aws\"]",
      "instances": [
        {
          "schema_version": 1,
          "attributes": {
            "arn": "arn:aws:ec2:us-east-1:258372532888:security-group/sg-04642ef7ac29b9292",
            "description": "permitir acceso por ssh y http ssl ",
            "egress": [
              {
                "cidr_blocks": [
                  "0.0.0.0/0"
                ],
                "description": "",
                "from_port": 0,
                "ipv6_cidr_blocks": [],
                "prefix_list_ids": [],
                "protocol": "-1",
                "security_groups": [],
                "self": false,
                "to_port": 0
              }
            ],
            "id": "sg-04642ef7ac29b9292",
            "ingress": [
              {
                "cidr_blocks": [
                  "0.0.0.0/0"
                ],
                "description": "value",
                "from_port": 22,
                "ipv6_cidr_blocks": [],
                "prefix_list_ids": [],
                "protocol": "tcp",
                "security_groups": [],
                "self": false,
                "to_port": 22
              },
              {
                "cidr_blocks": [
                  "0.0.0.0/0"
                ],
                "description": "value",
                "from_port": 443,
                "ipv6_cidr_blocks": [],
                "prefix_list_ids": [],
                "protocol": "tcp",
                "security_groups": [],
                "self": false,
                "to_port": 443
              },
              {
                "cidr_blocks": [
                  "0.0.0.0/0"
                ],
                "description": "value",
                "from_port": 80,
                "ipv6_cidr_blocks": [],
                "prefix_list_ids": [],
                "protocol": "tcp",
                "security_groups": [],
                "self": false,
                "to_port": 80
              }
            ],
            "name": "ssh-ssl",
            "name_prefix": "",
            "owner_id": "258372532888",
            "revoke_rules_on_delete": false,
            "tags": {
              "Name": "ssh and ssl"
            },
            "tags_all": {
              "Name": "ssh and ssl"
            },
            "timeouts": null,
            "vpc_id": "vpc-04bcdd779ac3b2352"
          },
          "private": "eyJlMmJmYjczMC1lY2FhLTExZTYtOGY4OC0zNDM2M2JjN2M0YzAiOnsiY3JlYXRlIjo2MDAwMDAwMDAwMDAsImRlbGV0ZSI6OTAwMDAwMDAwMDAwfSwic2NoZW1hX3ZlcnNpb24iOiIxIn0=",
          "dependencies": [
            "aws_vpc.vpc-tf"
          ]
        }
      ]
    },
    {
      "mode": "managed",
      "type": "aws_subnet",
      "name": "subnet2tf",
      "provider": "provider[\"registry.terraform.io/hashicorp/aws\"]",
      "instances": [
        {
          "schema_version": 1,
          "attributes": {
            "arn": "arn:aws:ec2:us-east-1:258372532888:subnet/subnet-02c4e26e73b31812e",
            "assign_ipv6_address_on_creation": false,
            "availability_zone": "us-east-1b",
            "availability_zone_id": "use1-az6",
            "cidr_block": "10.0.20.0/24",
            "customer_owned_ipv4_pool": "",
            "id": "subnet-02c4e26e73b31812e",
            "ipv6_cidr_block": "",
            "ipv6_cidr_block_association_id": "",
            "map_customer_owned_ip_on_launch": false,
            "map_public_ip_on_launch": false,
            "outpost_arn": "",
            "owner_id": "258372532888",
            "tags": {},
            "tags_all": {},
            "timeouts": null,
            "vpc_id": "vpc-04bcdd779ac3b2352"
          },
          "private": "eyJlMmJmYjczMC1lY2FhLTExZTYtOGY4OC0zNDM2M2JjN2M0YzAiOnsiY3JlYXRlIjo2MDAwMDAwMDAwMDAsImRlbGV0ZSI6MTIwMDAwMDAwMDAwMH0sInNjaGVtYV92ZXJzaW9uIjoiMSJ9",
          "dependencies": [
            "aws_vpc.vpc-tf"
          ]
        }
      ]
    },
    {
      "mode": "managed",
      "type": "aws_subnet",
      "name": "subnet3tf",
      "provider": "provider[\"registry.terraform.io/hashicorp/aws\"]",
      "instances": [
        {
          "schema_version": 1,
          "attributes": {
            "arn": "arn:aws:ec2:us-east-1:258372532888:subnet/subnet-016e189de4ce39b1a",
            "assign_ipv6_address_on_creation": false,
            "availability_zone": "us-east-1c",
            "availability_zone_id": "use1-az1",
            "cidr_block": "10.0.30.0/24",
            "customer_owned_ipv4_pool": "",
            "id": "subnet-016e189de4ce39b1a",
            "ipv6_cidr_block": "",
            "ipv6_cidr_block_association_id": "",
            "map_customer_owned_ip_on_launch": false,
            "map_public_ip_on_launch": false,
            "outpost_arn": "",
            "owner_id": "258372532888",
            "tags": {},
            "tags_all": {},
            "timeouts": null,
            "vpc_id": "vpc-04bcdd779ac3b2352"
          },
          "private": "eyJlMmJmYjczMC1lY2FhLTExZTYtOGY4OC0zNDM2M2JjN2M0YzAiOnsiY3JlYXRlIjo2MDAwMDAwMDAwMDAsImRlbGV0ZSI6MTIwMDAwMDAwMDAwMH0sInNjaGVtYV92ZXJzaW9uIjoiMSJ9",
          "dependencies": [
            "aws_vpc.vpc-tf"
          ]
        }
      ]
    },
    {
      "mode": "managed",
      "type": "aws_subnet",
      "name": "subnettf",
      "provider": "provider[\"registry.terraform.io/hashicorp/aws\"]",
      "instances": [
        {
          "schema_version": 1,
          "attributes": {
            "arn": "arn:aws:ec2:us-east-1:258372532888:subnet/subnet-053b8958130d3fdcf",
            "assign_ipv6_address_on_creation": false,
            "availability_zone": "us-east-1a",
            "availability_zone_id": "use1-az4",
            "cidr_block": "10.0.10.0/24",
            "customer_owned_ipv4_pool": "",
            "id": "subnet-053b8958130d3fdcf",
            "ipv6_cidr_block": "",
            "ipv6_cidr_block_association_id": "",
            "map_customer_owned_ip_on_launch": false,
            "map_public_ip_on_launch": true,
            "outpost_arn": "",
            "owner_id": "258372532888",
            "tags": {},
            "tags_all": {},
            "timeouts": null,
            "vpc_id": "vpc-04bcdd779ac3b2352"
          },
          "private": "eyJlMmJmYjczMC1lY2FhLTExZTYtOGY4OC0zNDM2M2JjN2M0YzAiOnsiY3JlYXRlIjo2MDAwMDAwMDAwMDAsImRlbGV0ZSI6MTIwMDAwMDAwMDAwMH0sInNjaGVtYV92ZXJzaW9uIjoiMSJ9",
          "dependencies": [
            "aws_vpc.vpc-tf"
          ]
        }
      ]
    },
    {
      "mode": "managed",
      "type": "aws_vpc",
      "name": "vpc-tf",
      "provider": "provider[\"registry.terraform.io/hashicorp/aws\"]",
      "instances": [
        {
          "schema_version": 1,
          "attributes": {
            "arn": "arn:aws:ec2:us-east-1:258372532888:vpc/vpc-04bcdd779ac3b2352",
            "assign_generated_ipv6_cidr_block": false,
            "cidr_block": "10.0.0.0/16",
            "default_network_acl_id": "acl-0864edd71216a1588",
            "default_route_table_id": "rtb-024de28966b4c0b4e",
            "default_security_group_id": "sg-0db548ff30ebebdaf",
            "dhcp_options_id": "dopt-c694d0bc",
            "enable_classiclink": false,
            "enable_classiclink_dns_support": false,
            "enable_dns_hostnames": false,
            "enable_dns_support": true,
            "id": "vpc-04bcdd779ac3b2352",
            "instance_tenancy": "default",
            "ipv6_association_id": "",
            "ipv6_cidr_block": "",
            "main_route_table_id": "rtb-024de28966b4c0b4e",
            "owner_id": "258372532888",
            "tags": {
              "Mame": "vpc-tf"
            },
            "tags_all": {
              "Mame": "vpc-tf"
            }
          },
          "private": "eyJzY2hlbWFfdmVyc2lvbiI6IjEifQ=="
        }
      ]
    }
  ]
}
